<?xml version="1.0" encoding="utf-8"?>
<Project ToolsVersion="4.0" xmlns="http://schemas.microsoft.com/developer/msbuild/2003">
  <ItemGroup>
    <Filter Include="Source Files">
      <UniqueIdentifier>{4FC737F1-C7A5-4376-A066-2A32D752A2FF}</UniqueIdentifier>
      <Extensions>cpp;c;cc;cxx;def;odl;idl;hpj;bat;asm;asmx</Extensions>
    </Filter>
    <Filter Include="Header Files">
      <UniqueIdentifier>{93995380-89BD-4b04-88EB-625FBE52EBFB}</UniqueIdentifier>
      <Extensions>h;hpp;hxx;hm;inl;inc;xsd</Extensions>
    </Filter>
    <Filter Include="Resource Files">
      <UniqueIdentifier>{67DA6AB6-F800-4c08-8B7A-83BB121AAD01}</UniqueIdentifier>
      <Extensions>rc;ico;cur;bmp;dlg;rc2;rct;bin;rgs;gif;jpg;jpeg;jpe;resx;tiff;tif;png;wav;mfcribbon-ms</Extensions>
    </Filter>
    <Filter Include="Resource Files\Data">
      <UniqueIdentifier>{a0bd3c2b-2db1-4d8c-9505-afe747cdeba9}</UniqueIdentifier>
    </Filter>
    <Filter Include="Header Files\Math">
      <UniqueIdentifier>{a5cc3a2f-269b-4447-b218-3e4639a60744}</UniqueIdentifier>
    </Filter>
    <Filter Include="Source Files\Math">
      <UniqueIdentifier>{f5471c9e-bcc6-4a97-b61c-79269b04f06a}</UniqueIdentifier>
    </Filter>
    <Filter Include="Header Files\Geometry">
      <UniqueIdentifier>{1f23d6cc-c457-4061-a213-5439bd17a6bd}</UniqueIdentifier>
    </Filter>
    <Filter Include="Header Files\Shading">
      <UniqueIdentifier>{6f6c9c4d-7e96-4981-b81b-07a2dc575294}</UniqueIdentifier>
    </Filter>
    <Filter Include="Source Files\Geometry">
      <UniqueIdentifier>{a1199ac8-2ffb-427a-967b-ad11c25d75ec}</UniqueIdentifier>
    </Filter>
    <Filter Include="Source Files\Shading">
      <UniqueIdentifier>{f842cd73-65c8-442f-b7bb-27cfad627fe2}</UniqueIdentifier>
    </Filter>
    <Filter Include="Header Files\Particles">
      <UniqueIdentifier>{e6f94acf-445a-460b-a4b8-cc3fda90290b}</UniqueIdentifier>
    </Filter>
    <Filter Include="Source Files\Misc">
      <UniqueIdentifier>{29ec1d28-cdbf-4157-baf4-b17ae38f5bf7}</UniqueIdentifier>
    </Filter>
    <Filter Include="Source Files\Particles">
      <UniqueIdentifier>{648a21d5-dc67-4eab-be86-45d9e65e0578}</UniqueIdentifier>
    </Filter>
    <Filter Include="Header Files\World">
      <UniqueIdentifier>{facdbd3b-0bf7-4677-b09a-f068bb2e327b}</UniqueIdentifier>
    </Filter>
    <Filter Include="Source Files\World">
      <UniqueIdentifier>{049b4b6d-827f-45d1-a51a-d9b56402407e}</UniqueIdentifier>
    </Filter>
    <Filter Include="Source Files\LSystem">
      <UniqueIdentifier>{ed3fc31c-79ee-44a0-8d97-40d4e9850035}</UniqueIdentifier>
    </Filter>
    <Filter Include="Header Files\Misc">
      <UniqueIdentifier>{10f49e84-8b3e-4b28-9469-8bb586094396}</UniqueIdentifier>
    </Filter>
    <Filter Include="Header Files\LSystem">
      <UniqueIdentifier>{b9fb3536-9827-44fa-94d6-2c39935a92c5}</UniqueIdentifier>
    </Filter>
    <Filter Include="Resource Files\Data\House">
      <UniqueIdentifier>{eb62254a-98c7-4576-b57a-f2bb11257f98}</UniqueIdentifier>
    </Filter>
    <Filter Include="Resource Files\Data\Textures">
      <UniqueIdentifier>{561455d1-9fe9-46d5-ac51-94f973726f31}</UniqueIdentifier>
    </Filter>
    <Filter Include="Resource Files\Data\Shaders">
      <UniqueIdentifier>{855b3419-6921-4f1f-92cd-310b860babe4}</UniqueIdentifier>
    </Filter>
    <Filter Include="Resource Files\Data\Shaders\NormalMapping">
      <UniqueIdentifier>{c9071f4d-8aea-450a-b9f7-9b089b83b83e}</UniqueIdentifier>
    </Filter>
    <Filter Include="Resource Files\Data\Shaders\TerrainShaders">
      <UniqueIdentifier>{52b319dd-6a24-45cd-b0a1-3cd9affd1c7e}</UniqueIdentifier>
    </Filter>
    <Filter Include="Resource Files\Data\Shaders\TreeShaders">
      <UniqueIdentifier>{dd6011e6-7cf7-4814-aae8-b6aa7db51612}</UniqueIdentifier>
    </Filter>
    <Filter Include="Resource Files\Data\Shaders\TreeShaders\FlatShading">
      <UniqueIdentifier>{ff79e7ae-861b-480f-83ad-506085968a0f}</UniqueIdentifier>
    </Filter>
    <Filter Include="Resource Files\Data\Shaders\TreeShaders\SmoothShading">
      <UniqueIdentifier>{b4a706f1-8fb2-480b-98a0-1c55ebf9617f}</UniqueIdentifier>
    </Filter>
  </ItemGroup>
  <ItemGroup>
    <ClCompile Include="float2.cpp">
      <Filter>Source Files\Math</Filter>
    </ClCompile>
    <ClCompile Include="float3.cpp">
      <Filter>Source Files\Math</Filter>
    </ClCompile>
    <ClCompile Include="float4.cpp">
      <Filter>Source Files\Math</Filter>
    </ClCompile>
    <ClCompile Include="Mat44.cpp">
      <Filter>Source Files\Math</Filter>
    </ClCompile>
    <ClCompile Include="Cylinder.cpp">
      <Filter>Source Files\Geometry</Filter>
    </ClCompile>
    <ClCompile Include="Model.cpp">
      <Filter>Source Files\Geometry</Filter>
    </ClCompile>
    <ClCompile Include="OBJFile.cpp">
      <Filter>Source Files\Geometry</Filter>
    </ClCompile>
    <ClCompile Include="Sphere.cpp">
      <Filter>Source Files\Geometry</Filter>
    </ClCompile>
    <ClCompile Include="Color.cpp">
      <Filter>Source Files\Shading</Filter>
    </ClCompile>
    <ClCompile Include="Texture.cpp">
      <Filter>Source Files\Shading</Filter>
    </ClCompile>
    <ClCompile Include="TextureManager.cpp">
      <Filter>Source Files\Shading</Filter>
    </ClCompile>
    <ClCompile Include="Shader.cpp">
      <Filter>Source Files\Shading</Filter>
    </ClCompile>
    <ClCompile Include="Material.cpp">
      <Filter>Source Files\Shading</Filter>
    </ClCompile>
    <ClCompile Include="util.cpp">
      <Filter>Source Files\Misc</Filter>
    </ClCompile>
    <ClCompile Include="TimeInfo.cpp">
      <Filter>Source Files\Misc</Filter>
    </ClCompile>
    <ClCompile Include="strutils.cpp">
      <Filter>Source Files\Misc</Filter>
    </ClCompile>
    <ClCompile Include="PerfTimer.cpp">
      <Filter>Source Files\Misc</Filter>
    </ClCompile>
    <ClCompile Include="MyApp.cpp">
      <Filter>Source Files\Misc</Filter>
    </ClCompile>
    <ClCompile Include="Log.cpp">
      <Filter>Source Files\Misc</Filter>
    </ClCompile>
    <ClCompile Include="Collision.cpp">
      <Filter>Source Files\Math</Filter>
    </ClCompile>
    <ClCompile Include="GameTime.cpp">
      <Filter>Source Files\Misc</Filter>
    </ClCompile>
    <ClCompile Include="main.cpp">
      <Filter>Source Files\Misc</Filter>
    </ClCompile>
    <ClCompile Include="World.cpp">
      <Filter>Source Files\World</Filter>
    </ClCompile>
    <ClCompile Include="SeasonalWindow.cpp">
      <Filter>Source Files\World</Filter>
    </ClCompile>
    <ClCompile Include="LSystem.cpp">
      <Filter>Source Files\LSystem</Filter>
    </ClCompile>
    <ClCompile Include="FractalTree.cpp">
      <Filter>Source Files\LSystem</Filter>
    </ClCompile>
    <ClCompile Include="AppConfig.cpp">
      <Filter>Source Files\Misc</Filter>
    </ClCompile>
    <ClCompile Include="ShaderManager.cpp">
      <Filter>Source Files\Shading</Filter>
    </ClCompile>
    <ClCompile Include="Disk.cpp">
      <Filter>Source Files\Geometry</Filter>
    </ClCompile>
    <ClCompile Include="CylindricalParticleEmitter.cpp">
      <Filter>Source Files\Particles</Filter>
    </ClCompile>
    <ClCompile Include="HemiSphericalParticleEmitter.cpp">
      <Filter>Source Files\Particles</Filter>
    </ClCompile>
    <ClCompile Include="Particle.cpp">
      <Filter>Source Files\Particles</Filter>
    </ClCompile>
    <ClCompile Include="ParticleEmitter.cpp">
      <Filter>Source Files\Particles</Filter>
    </ClCompile>
    <ClCompile Include="ParticleSystem.cpp">
      <Filter>Source Files\Particles</Filter>
    </ClCompile>
    <ClCompile Include="PointBasedParticleEmitter.cpp">
      <Filter>Source Files\Particles</Filter>
    </ClCompile>
    <ClCompile Include="StaticParticleEmitter.cpp">
      <Filter>Source Files\Particles</Filter>
    </ClCompile>
    <ClCompile Include="FireParticleEmitter.cpp">
      <Filter>Source Files\Particles</Filter>
    </ClCompile>
    <ClCompile Include="GraphicsObject.cpp">
      <Filter>Source Files\Geometry</Filter>
    </ClCompile>
    <ClCompile Include="TerrainLoader.cpp">
      <Filter>Source Files\Geometry</Filter>
    </ClCompile>
    <ClCompile Include="SeasonManager.cpp">
      <Filter>Source Files\World</Filter>
    </ClCompile>
    <ClCompile Include="RenderTarget.cpp">
      <Filter>Source Files\Shading</Filter>
    </ClCompile>
    <ClCompile Include="World_Setup.cpp">
      <Filter>Source Files\World</Filter>
    </ClCompile>
    <ClCompile Include="SeasonSetup.cpp">
      <Filter>Source Files\World</Filter>
    </ClCompile>
    <ClCompile Include="graphics_utils.cpp">
      <Filter>Source Files\World</Filter>
    </ClCompile>
  </ItemGroup>
  <ItemGroup>
    <ClInclude Include="float2.h">
      <Filter>Header Files\Math</Filter>
    </ClInclude>
    <ClInclude Include="float3.h">
      <Filter>Header Files\Math</Filter>
    </ClInclude>
    <ClInclude Include="float4.h">
      <Filter>Header Files\Math</Filter>
    </ClInclude>
    <ClInclude Include="Mat44.h">
      <Filter>Header Files\Math</Filter>
    </ClInclude>
    <ClInclude Include="Sphere.h">
      <Filter>Header Files\Geometry</Filter>
    </ClInclude>
    <ClInclude Include="Cylinder.h">
      <Filter>Header Files\Geometry</Filter>
    </ClInclude>
    <ClInclude Include="OBJFile.h">
      <Filter>Header Files\Geometry</Filter>
    </ClInclude>
    <ClInclude Include="Model.h">
      <Filter>Header Files\Geometry</Filter>
    </ClInclude>
    <ClInclude Include="Color.h">
      <Filter>Header Files\Shading</Filter>
    </ClInclude>
    <ClInclude Include="Material.h">
      <Filter>Header Files\Shading</Filter>
    </ClInclude>
    <ClInclude Include="Shader.h">
      <Filter>Header Files\Shading</Filter>
    </ClInclude>
    <ClInclude Include="Texture.h">
      <Filter>Header Files\Shading</Filter>
    </ClInclude>
    <ClInclude Include="TextureManager.h">
      <Filter>Header Files\Shading</Filter>
    </ClInclude>
    <ClInclude Include="Log.h">
      <Filter>Header Files\Misc</Filter>
    </ClInclude>
    <ClInclude Include="util.h">
      <Filter>Header Files\Misc</Filter>
    </ClInclude>
    <ClInclude Include="TimeInfo.h">
      <Filter>Header Files\Misc</Filter>
    </ClInclude>
    <ClInclude Include="strutils.h">
      <Filter>Header Files\Misc</Filter>
    </ClInclude>
    <ClInclude Include="MyApp.h">
      <Filter>Header Files\Misc</Filter>
    </ClInclude>
    <ClInclude Include="ctypes.h">
      <Filter>Header Files\Misc</Filter>
    </ClInclude>
    <ClInclude Include="PerfTimer.h">
      <Filter>Header Files\Misc</Filter>
    </ClInclude>
    <ClInclude Include="Collision.h">
      <Filter>Header Files\Math</Filter>
    </ClInclude>
    <ClInclude Include="GameTime.h">
      <Filter>Header Files\Misc</Filter>
    </ClInclude>
    <ClInclude Include="SeasonalWindow.h">
      <Filter>Header Files\World</Filter>
    </ClInclude>
    <ClInclude Include="World.h">
      <Filter>Header Files\World</Filter>
    </ClInclude>
    <ClInclude Include="LSystem.h">
      <Filter>Header Files\LSystem</Filter>
    </ClInclude>
    <ClInclude Include="resource.h">
      <Filter>Header Files</Filter>
    </ClInclude>
    <ClInclude Include="FractalTree.h">
      <Filter>Header Files\LSystem</Filter>
    </ClInclude>
    <ClInclude Include="AppConfig.h">
      <Filter>Header Files\Misc</Filter>
    </ClInclude>
    <ClInclude Include="ShaderManager.h">
      <Filter>Header Files\Shading</Filter>
    </ClInclude>
    <ClInclude Include="tutorialcodeheaders.h">
      <Filter>Header Files</Filter>
    </ClInclude>
    <ClInclude Include="Disk.h">
      <Filter>Header Files\Geometry</Filter>
    </ClInclude>
    <ClInclude Include="CylindricalParticleEmitter.h">
      <Filter>Header Files\Particles</Filter>
    </ClInclude>
    <ClInclude Include="HemiSphericalParticleEmitter.h">
      <Filter>Header Files\Particles</Filter>
    </ClInclude>
    <ClInclude Include="ParticleEmitter.h">
      <Filter>Header Files\Particles</Filter>
    </ClInclude>
    <ClInclude Include="Particle.h">
      <Filter>Header Files\Particles</Filter>
    </ClInclude>
    <ClInclude Include="ParticleSystem.h">
      <Filter>Header Files\Particles</Filter>
    </ClInclude>
    <ClInclude Include="PointBasedParticleEmitter.h">
      <Filter>Header Files\Particles</Filter>
    </ClInclude>
    <ClInclude Include="StaticParticleEmitter.h">
      <Filter>Header Files\Particles</Filter>
    </ClInclude>
    <ClInclude Include="FireParticleEmitter.h">
      <Filter>Header Files\Particles</Filter>
    </ClInclude>
    <ClInclude Include="Light.h">
      <Filter>Header Files\Shading</Filter>
    </ClInclude>
    <ClInclude Include="GraphicsObject.h">
      <Filter>Header Files\Geometry</Filter>
    </ClInclude>
    <ClInclude Include="Circle.h">
      <Filter>Header Files\Math</Filter>
    </ClInclude>
    <ClInclude Include="Line.h">
      <Filter>Header Files\Math</Filter>
    </ClInclude>
    <ClInclude Include="TerrainLoader.h">
      <Filter>Header Files\Geometry</Filter>
    </ClInclude>
    <ClInclude Include="SeasonManager.h">
      <Filter>Header Files\World</Filter>
    </ClInclude>
    <ClInclude Include="RenderTarget.h">
      <Filter>Header Files\Shading</Filter>
    </ClInclude>
    <ClInclude Include="graphics_utils.h">
      <Filter>Header Files\World</Filter>
    </ClInclude>
  </ItemGroup>
  <ItemGroup>
    <None Include="snow_globe_icon.ico">
      <Filter>Resource Files</Filter>
    </None>
    <None Include="Data\ConfigFile.txt">
      <Filter>Resource Files\Data</Filter>
    </None>
    <None Include="Data\House\Haus_020_unwrap.jpg">
      <Filter>Resource Files\Data\House</Filter>
    </None>
    <None Include="Data\House\Haus_020_unwrap_NRM.jpg">
      <Filter>Resource Files\Data\House</Filter>
    </None>
    <None Include="Data\Textures\bark.jpg">
      <Filter>Resource Files\Data\Textures</Filter>
    </None>
    <None Include="Data\Textures\barkNormalMap2.jpg">
      <Filter>Resource Files\Data\Textures</Filter>
    </None>
    <None Include="Data\Textures\Grass2.jpg">
      <Filter>Resource Files\Data\Textures</Filter>
    </None>
    <None Include="Data\Textures\ground_heightmap.bmp">
      <Filter>Resource Files\Data\Textures</Filter>
    </None>
    <None Include="Data\Textures\leaf.tga">
      <Filter>Resource Files\Data\Textures</Filter>
    </None>
    <None Include="Data\Textures\particleTexture.tga">
      <Filter>Resource Files\Data\Textures</Filter>
    </None>
    <None Include="Data\Textures\snowTexture.jpg">
      <Filter>Resource Files\Data\Textures</Filter>
    </None>
    <None Include="Data\Textures\TerrainDisplacementMap.bmp">
      <Filter>Resource Files\Data\Textures</Filter>
    </None>
    <None Include="Data\Textures\TerrainDisplacementNormalMap_Full.bmp">
      <Filter>Resource Files\Data\Textures</Filter>
    </None>
    <None Include="Data\Textures\wood.jpg">
      <Filter>Resource Files\Data\Textures</Filter>
    </None>
    <None Include="Data\Shaders\ambientLight.frag">
      <Filter>Resource Files\Data\Shaders</Filter>
    </None>
    <None Include="Data\Shaders\ambientLight.vert">
      <Filter>Resource Files\Data\Shaders</Filter>
    </None>
    <None Include="Data\Shaders\directionalLight.frag">
      <Filter>Resource Files\Data\Shaders</Filter>
    </None>
    <None Include="Data\Shaders\directionalLight.vert">
      <Filter>Resource Files\Data\Shaders</Filter>
    </None>
    <None Include="Data\Shaders\globe.frag">
      <Filter>Resource Files\Data\Shaders</Filter>
    </None>
    <None Include="Data\Shaders\globe.vert">
      <Filter>Resource Files\Data\Shaders</Filter>
    </None>
    <None Include="Data\Shaders\gradientMap.frag">
      <Filter>Resource Files\Data\Shaders</Filter>
    </None>
    <None Include="Data\Shaders\gradientMap.vert">
      <Filter>Resource Files\Data\Shaders</Filter>
    </None>
    <None Include="Data\Shaders\multitex.frag">
      <Filter>Resource Files\Data\Shaders</Filter>
    </None>
    <None Include="Data\Shaders\multitex.vert">
      <Filter>Resource Files\Data\Shaders</Filter>
    </None>
    <None Include="Data\Shaders\particlesystembase.frag">
      <Filter>Resource Files\Data\Shaders</Filter>
    </None>
    <None Include="Data\Shaders\particlesystembase.vert">
      <Filter>Resource Files\Data\Shaders</Filter>
    </None>
    <None Include="Data\Shaders\phong.frag">
      <Filter>Resource Files\Data\Shaders</Filter>
    </None>
    <None Include="Data\Shaders\phong.vert">
      <Filter>Resource Files\Data\Shaders</Filter>
    </None>
    <None Include="Data\Shaders\spotlight.frag">
      <Filter>Resource Files\Data\Shaders</Filter>
    </None>
    <None Include="Data\Shaders\spotlight.vert">
      <Filter>Resource Files\Data\Shaders</Filter>
    </None>
    <None Include="Data\Shaders\NormalMapping\normalMapping_ambient_light.frag">
      <Filter>Resource Files\Data\Shaders\NormalMapping</Filter>
    </None>
    <None Include="Data\Shaders\NormalMapping\normalMapping_ambient_light.vert">
      <Filter>Resource Files\Data\Shaders\NormalMapping</Filter>
    </None>
    <None Include="Data\Shaders\NormalMapping\normalMapping_directional_light.frag">
      <Filter>Resource Files\Data\Shaders\NormalMapping</Filter>
    </None>
    <None Include="Data\Shaders\NormalMapping\normalMapping_directional_light.vert">
      <Filter>Resource Files\Data\Shaders\NormalMapping</Filter>
    </None>
    <None Include="Data\Shaders\NormalMapping\normalMapping_spotlights.frag">
      <Filter>Resource Files\Data\Shaders\NormalMapping</Filter>
    </None>
    <None Include="Data\Shaders\NormalMapping\normalMapping_spotlights.vert">
      <Filter>Resource Files\Data\Shaders\NormalMapping</Filter>
    </None>
    <None Include="Data\Shaders\TerrainShaders\displacement_ambient.frag">
      <Filter>Resource Files\Data\Shaders\TerrainShaders</Filter>
    </None>
    <None Include="Data\Shaders\TerrainShaders\displacement_ambient.vert">
      <Filter>Resource Files\Data\Shaders\TerrainShaders</Filter>
    </None>
    <None Include="Data\Shaders\TerrainShaders\displacement_directional.frag">
      <Filter>Resource Files\Data\Shaders\TerrainShaders</Filter>
    </None>
    <None Include="Data\Shaders\TerrainShaders\displacement_directional.vert">
      <Filter>Resource Files\Data\Shaders\TerrainShaders</Filter>
    </None>
    <None Include="Data\Shaders\TerrainShaders\displacement_spotlights.frag">
      <Filter>Resource Files\Data\Shaders\TerrainShaders</Filter>
    </None>
    <None Include="Data\Shaders\TerrainShaders\displacement_spotlights.vert">
      <Filter>Resource Files\Data\Shaders\TerrainShaders</Filter>
    </None>
    <None Include="Data\Shaders\TreeShaders\ambientLight.frag">
      <Filter>Resource Files\Data\Shaders\TreeShaders</Filter>
    </None>
    <None Include="Data\Shaders\TreeShaders\ambientLight.vert">
      <Filter>Resource Files\Data\Shaders\TreeShaders</Filter>
    </None>
    <None Include="Data\Shaders\TreeShaders\SmoothShading\directionalLight.frag">
      <Filter>Resource Files\Data\Shaders\TreeShaders\SmoothShading</Filter>
    </None>
    <None Include="Data\Shaders\TreeShaders\SmoothShading\directionalLight.vert">
      <Filter>Resource Files\Data\Shaders\TreeShaders\SmoothShading</Filter>
    </None>
    <None Include="Data\Shaders\TreeShaders\SmoothShading\spotlight.frag">
      <Filter>Resource Files\Data\Shaders\TreeShaders\SmoothShading</Filter>
    </None>
    <None Include="Data\Shaders\TreeShaders\SmoothShading\spotlight.vert">
      <Filter>Resource Files\Data\Shaders\TreeShaders\SmoothShading</Filter>
    </None>
    <None Include="Data\Shaders\TreeShaders\FlatShading\directionalLight.frag">
      <Filter>Resource Files\Data\Shaders\TreeShaders\FlatShading</Filter>
    </None>
    <None Include="Data\Shaders\TreeShaders\FlatShading\directionalLight.vert">
      <Filter>Resource Files\Data\Shaders\TreeShaders\FlatShading</Filter>
    </None>
    <None Include="Data\Shaders\TreeShaders\FlatShading\spotlight.frag">
      <Filter>Resource Files\Data\Shaders\TreeShaders\FlatShading</Filter>
    </None>
    <None Include="Data\Shaders\TreeShaders\FlatShading\spotlight.vert">
      <Filter>Resource Files\Data\Shaders\TreeShaders\FlatShading</Filter>
    </None>
  </ItemGroup>
  <ItemGroup>
    <ResourceCompile Include="SeasonalGlobe.rc">
      <Filter>Resource Files</Filter>
    </ResourceCompile>
  </ItemGroup>
  <ItemGroup>
    <Object Include="Data\base2.obj">
      <Filter>Resource Files\Data</Filter>
    </Object>
    <Object Include="Data\House\Haus20.obj">
      <Filter>Resource Files\Data\House</Filter>
    </Object>
    <Object Include="Data\bolt.obj">
      <Filter>Resource Files\Data</Filter>
    </Object>
  </ItemGroup>
</Project>